%{
  "aja": {:hex, :aja, "0.6.4", "9569d0040a35c5668bee56ce12f90c583ca73fd776e967ee1cba9a5bc797f1e8", [:mix], [{:jason, "~> 1.2", [hex: :jason, repo: "hexpm", optional: true]}], "hexpm", "a865afc944327839fd9bd1b04df78529898fcef0a67ed2d7f7440105fcad9443"},
  "bunt": {:hex, :bunt, "0.2.1", "e2d4792f7bc0ced7583ab54922808919518d0e57ee162901a16a1b6664ef3b14", [:mix], [], "hexpm", "a330bfb4245239787b15005e66ae6845c9cd524a288f0d141c148b02603777a5"},
  "castore": {:hex, :castore, "1.0.5", "9eeebb394cc9a0f3ae56b813459f990abb0a3dedee1be6b27fdb50301930502f", [:mix], [], "hexpm", "8d7c597c3e4a64c395980882d4bca3cebb8d74197c590dc272cfd3b6a6310578"},
  "certifi": {:hex, :certifi, "2.12.0", "2d1cca2ec95f59643862af91f001478c9863c2ac9cb6e2f89780bfd8de987329", [:rebar3], [], "hexpm", "ee68d85df22e554040cdb4be100f33873ac6051387baf6a8f6ce82272340ff1c"},
  "combine": {:hex, :combine, "0.10.0", "eff8224eeb56498a2af13011d142c5e7997a80c8f5b97c499f84c841032e429f", [:mix], [], "hexpm", "1b1dbc1790073076580d0d1d64e42eae2366583e7aecd455d1215b0d16f2451b"},
  "connection": {:hex, :connection, "1.1.0", "ff2a49c4b75b6fb3e674bfc5536451607270aac754ffd1bdfe175abe4a6d7a68", [:mix], [], "hexpm", "722c1eb0a418fbe91ba7bd59a47e28008a189d47e37e0e7bb85585a016b2869c"},
  "corsica": {:hex, :corsica, "1.3.0", "bbec02ccbeca1fdf44ee23b25a8ae32f7c6c28fc127ef8836dd8420e8f65bd9b", [:mix], [{:plug, "~> 1.0", [hex: :plug, repo: "hexpm", optional: false]}], "hexpm", "8847ec817554047e9aa6d9933539cacb10c4ee60b58e0c15c3b380c5b737b35f"},
  "cowboy": {:hex, :cowboy, "2.10.0", "ff9ffeff91dae4ae270dd975642997afe2a1179d94b1887863e43f681a203e26", [:make, :rebar3], [{:cowlib, "2.12.1", [hex: :cowlib, repo: "hexpm", optional: false]}, {:ranch, "1.8.0", [hex: :ranch, repo: "hexpm", optional: false]}], "hexpm", "3afdccb7183cc6f143cb14d3cf51fa00e53db9ec80cdcd525482f5e99bc41d6b"},
  "cowboy_telemetry": {:hex, :cowboy_telemetry, "0.4.0", "f239f68b588efa7707abce16a84d0d2acf3a0f50571f8bb7f56a15865aae820c", [:rebar3], [{:cowboy, "~> 2.7", [hex: :cowboy, repo: "hexpm", optional: false]}, {:telemetry, "~> 1.0", [hex: :telemetry, repo: "hexpm", optional: false]}], "hexpm", "7d98bac1ee4565d31b62d59f8823dfd8356a169e7fcbb83831b8a5397404c9de"},
  "cowlib": {:hex, :cowlib, "2.12.1", "a9fa9a625f1d2025fe6b462cb865881329b5caff8f1854d1cbc9f9533f00e1e1", [:make, :rebar3], [], "hexpm", "163b73f6367a7341b33c794c4e88e7dbfe6498ac42dcd69ef44c5bc5507c8db0"},
  "credo": {:hex, :credo, "1.6.7", "323f5734350fd23a456f2688b9430e7d517afb313fbd38671b8a4449798a7854", [:mix], [{:bunt, "~> 0.2.1", [hex: :bunt, repo: "hexpm", optional: false]}, {:file_system, "~> 0.2.8", [hex: :file_system, repo: "hexpm", optional: false]}, {:jason, "~> 1.0", [hex: :jason, repo: "hexpm", optional: false]}], "hexpm", "41e110bfb007f7eda7f897c10bf019ceab9a0b269ce79f015d54b0dcf4fc7dd3"},
  "dialyxir": {:hex, :dialyxir, "1.4.3", "edd0124f358f0b9e95bfe53a9fcf806d615d8f838e2202a9f430d59566b6b53b", [:mix], [{:erlex, ">= 0.2.6", [hex: :erlex, repo: "hexpm", optional: false]}], "hexpm", "bf2cfb75cd5c5006bec30141b131663299c661a864ec7fbbc72dfa557487a986"},
  "ehmon": {:git, "https://github.com/mbta/ehmon.git", "1fb603262bd02d74a16183bd8f344dcace9d7561", []},
  "erlex": {:hex, :erlex, "0.2.6", "c7987d15e899c7a2f34f5420d2a2ea0d659682c06ac607572df55a43753aa12e", [:mix], [], "hexpm", "2ed2e25711feb44d52b17d2780eabf998452f6efda104877a3881c2f8c0c0c75"},
  "ex_aws": {:hex, :ex_aws, "2.5.1", "7418917974ea42e9e84b25e88b9f3d21a861d5f953ad453e212f48e593d8d39f", [:mix], [{:configparser_ex, "~> 4.0", [hex: :configparser_ex, repo: "hexpm", optional: true]}, {:hackney, "~> 1.16", [hex: :hackney, repo: "hexpm", optional: true]}, {:jason, "~> 1.1", [hex: :jason, repo: "hexpm", optional: true]}, {:jsx, "~> 2.8 or ~> 3.0", [hex: :jsx, repo: "hexpm", optional: true]}, {:mime, "~> 1.2 or ~> 2.0", [hex: :mime, repo: "hexpm", optional: false]}, {:sweet_xml, "~> 0.7", [hex: :sweet_xml, repo: "hexpm", optional: true]}, {:telemetry, "~> 0.4.3 or ~> 1.0", [hex: :telemetry, repo: "hexpm", optional: false]}], "hexpm", "1b95431f70c446fa1871f0eb9b183043c5a625f75f9948a42d25f43ae2eff12b"},
  "ex_aws_polly": {:hex, :ex_aws_polly, "0.4.0", "510dd496a3e5241500b4e0ee5f36533027f4721ad93d634d7b7650b648f77430", [:mix], [{:ex_aws, "~> 2.1", [hex: :ex_aws, repo: "hexpm", optional: false]}], "hexpm", "7941b79d0d2043953b0d93b761ec174e0d608e885c70f4af3af153771e1a74c4"},
  "ex_aws_s3": {:hex, :ex_aws_s3, "2.5.3", "422468e5c3e1a4da5298e66c3468b465cfd354b842e512cb1f6fbbe4e2f5bdaf", [:mix], [{:ex_aws, "~> 2.0", [hex: :ex_aws, repo: "hexpm", optional: false]}, {:sweet_xml, ">= 0.0.0", [hex: :sweet_xml, repo: "hexpm", optional: true]}], "hexpm", "4f09dd372cc386550e484808c5ac5027766c8d0cd8271ccc578b82ee6ef4f3b8"},
  "ex_aws_secretsmanager": {:hex, :ex_aws_secretsmanager, "2.0.0", "deff8c12335f0160882afeb9687e55a97fddcd7d9a82fc3a6fbb270797374773", [:mix], [{:ex_aws, "~> 2.0", [hex: :ex_aws, repo: "hexpm", optional: false]}], "hexpm", "8b2838af536c32263ff797012b29e87bad73ef34f43cfa60ebca8e84576f6d45"},
  "expo": {:hex, :expo, "0.4.1", "1c61d18a5df197dfda38861673d392e642649a9cef7694d2f97a587b2cfb319b", [:mix], [], "hexpm", "2ff7ba7a798c8c543c12550fa0e2cbc81b95d4974c65855d8d15ba7b37a1ce47"},
  "file_system": {:hex, :file_system, "0.2.10", "fb082005a9cd1711c05b5248710f8826b02d7d1784e7c3451f9c1231d4fc162d", [:mix], [], "hexpm", "41195edbfb562a593726eda3b3e8b103a309b733ad25f3d642ba49696bf715dc"},
  "gettext": {:hex, :gettext, "0.22.3", "c8273e78db4a0bb6fba7e9f0fd881112f349a3117f7f7c598fa18c66c888e524", [:mix], [{:expo, "~> 0.4.0", [hex: :expo, repo: "hexpm", optional: false]}], "hexpm", "935f23447713954a6866f1bb28c3a878c4c011e802bcd68a726f5e558e4b64bd"},
  "guardian": {:hex, :guardian, "2.3.2", "78003504b987f2b189d76ccf9496ceaa6a454bb2763627702233f31eb7212881", [:mix], [{:jose, "~> 1.8", [hex: :jose, repo: "hexpm", optional: false]}, {:plug, "~> 1.3.3 or ~> 1.4", [hex: :plug, repo: "hexpm", optional: true]}], "hexpm", "b189ff38cd46a22a8a824866a6867ca8722942347f13c33f7d23126af8821b52"},
  "hackney": {:hex, :hackney, "1.20.1", "8d97aec62ddddd757d128bfd1df6c5861093419f8f7a4223823537bad5d064e2", [:rebar3], [{:certifi, "~> 2.12.0", [hex: :certifi, repo: "hexpm", optional: false]}, {:idna, "~> 6.1.0", [hex: :idna, repo: "hexpm", optional: false]}, {:metrics, "~> 1.0.0", [hex: :metrics, repo: "hexpm", optional: false]}, {:mimerl, "~> 1.1", [hex: :mimerl, repo: "hexpm", optional: false]}, {:parse_trans, "3.4.1", [hex: :parse_trans, repo: "hexpm", optional: false]}, {:ssl_verify_fun, "~> 1.1.0", [hex: :ssl_verify_fun, repo: "hexpm", optional: false]}, {:unicode_util_compat, "~> 0.7.0", [hex: :unicode_util_compat, repo: "hexpm", optional: false]}], "hexpm", "fe9094e5f1a2a2c0a7d10918fee36bfec0ec2a979994cff8cfe8058cd9af38e3"},
  "httpoison": {:hex, :httpoison, "1.8.2", "9eb9c63ae289296a544842ef816a85d881d4a31f518a0fec089aaa744beae290", [:mix], [{:hackney, "~> 1.17", [hex: :hackney, repo: "hexpm", optional: false]}], "hexpm", "2bb350d26972e30c96e2ca74a1aaf8293d61d0742ff17f01e0279fef11599921"},
  "idna": {:hex, :idna, "6.1.1", "8a63070e9f7d0c62eb9d9fcb360a7de382448200fbbd1b106cc96d3d8099df8d", [:rebar3], [{:unicode_util_compat, "~> 0.7.0", [hex: :unicode_util_compat, repo: "hexpm", optional: false]}], "hexpm", "92376eb7894412ed19ac475e4a86f7b413c1b9fbb5bd16dccd57934157944cea"},
  "jason": {:hex, :jason, "1.4.1", "af1504e35f629ddcdd6addb3513c3853991f694921b1b9368b0bd32beb9f1b63", [:mix], [{:decimal, "~> 1.0 or ~> 2.0", [hex: :decimal, repo: "hexpm", optional: true]}], "hexpm", "fbb01ecdfd565b56261302f7e1fcc27c4fb8f32d56eab74db621fc154604a7a1"},
  "jose": {:hex, :jose, "1.11.6", "613fda82552128aa6fb804682e3a616f4bc15565a048dabd05b1ebd5827ed965", [:mix, :rebar3], [], "hexpm", "6275cb75504f9c1e60eeacb771adfeee4905a9e182103aa59b53fed651ff9738"},
  "lcov_ex": {:hex, :lcov_ex, "0.3.3", "1745a88e46606c4f86408299f54878b7d0cd22ea3e9c54b0018b6ed631a9ce87", [:mix], [], "hexpm", "ea373ec4d2df213357c5a464be16ab08d1e58e61ea2de784a483780c22a1e74a"},
  "memcachex": {:hex, :memcachex, "0.5.5", "8013536baa9d1a14719d21ca69b032449027bfb26e6a52bc2375f9bd43bcf81d", [:mix], [{:connection, "~> 1.0", [hex: :connection, repo: "hexpm", optional: false]}, {:poison, "~> 2.1 or ~> 3.0 or ~> 4.0", [hex: :poison, repo: "hexpm", optional: true]}, {:telemetry, "~> 0.4.0 or ~> 1.0", [hex: :telemetry, repo: "hexpm", optional: false]}], "hexpm", "0a398bbd49a6e722a39a9c0f143c01a7bf19dc359939e0b0dc6e144022aa21d9"},
  "metrics": {:hex, :metrics, "1.0.1", "25f094dea2cda98213cecc3aeff09e940299d950904393b2a29d191c346a8486", [:rebar3], [], "hexpm", "69b09adddc4f74a40716ae54d140f93beb0fb8978d8636eaded0c31b6f099f16"},
  "mime": {:hex, :mime, "2.0.5", "dc34c8efd439abe6ae0343edbb8556f4d63f178594894720607772a041b04b02", [:mix], [], "hexpm", "da0d64a365c45bc9935cc5c8a7fc5e49a0e0f9932a761c55d6c52b142780a05c"},
  "mimerl": {:hex, :mimerl, "1.2.0", "67e2d3f571088d5cfd3e550c383094b47159f3eee8ffa08e64106cdf5e981be3", [:rebar3], [], "hexpm", "f278585650aa581986264638ebf698f8bb19df297f66ad91b18910dfc6e19323"},
  "mix_test_watch": {:hex, :mix_test_watch, "1.1.2", "431bdccf20b110f1595fe2a0e3c6cffd96d8f706721def5d04d557bc0898c476", [:mix], [{:file_system, "~> 0.2.1 or ~> 0.3", [hex: :file_system, repo: "hexpm", optional: false]}], "hexpm", "8ce79fc69a304eec81ab6c1a05de2eb026a8959f65fb47f933ce8eb56018ba35"},
  "oidcc": {:hex, :oidcc, "3.1.1", "4016f35f08131053bddaae3bf644a6b3ce33cf8b297e6f46d638005b3e68d8fd", [:mix, :rebar3], [{:jose, "~> 1.11", [hex: :jose, repo: "hexpm", optional: false]}, {:telemetry, "~> 1.2", [hex: :telemetry, repo: "hexpm", optional: false]}, {:telemetry_registry, "~> 0.3.1", [hex: :telemetry_registry, repo: "hexpm", optional: false]}], "hexpm", "4401959a3674071345c7a8041f3962dfce68b588a9a270f927602dde10a801c4"},
  "parse_trans": {:hex, :parse_trans, "3.4.1", "6e6aa8167cb44cc8f39441d05193be6e6f4e7c2946cb2759f015f8c56b76e5ff", [:rebar3], [], "hexpm", "620a406ce75dada827b82e453c19cf06776be266f5a67cff34e1ef2cbb60e49a"},
  "phoenix": {:hex, :phoenix, "1.6.16", "e5bdd18c7a06da5852a25c7befb72246de4ddc289182285f8685a40b7b5f5451", [:mix], [{:castore, ">= 0.0.0", [hex: :castore, repo: "hexpm", optional: false]}, {:jason, "~> 1.0", [hex: :jason, repo: "hexpm", optional: true]}, {:phoenix_pubsub, "~> 2.0", [hex: :phoenix_pubsub, repo: "hexpm", optional: false]}, {:phoenix_view, "~> 1.0 or ~> 2.0", [hex: :phoenix_view, repo: "hexpm", optional: false]}, {:plug, "~> 1.10", [hex: :plug, repo: "hexpm", optional: false]}, {:plug_cowboy, "~> 2.2", [hex: :plug_cowboy, repo: "hexpm", optional: true]}, {:plug_crypto, "~> 1.2", [hex: :plug_crypto, repo: "hexpm", optional: false]}, {:telemetry, "~> 0.4 or ~> 1.0", [hex: :telemetry, repo: "hexpm", optional: false]}], "hexpm", "e15989ff34f670a96b95ef6d1d25bad0d9c50df5df40b671d8f4a669e050ac39"},
  "phoenix_html": {:hex, :phoenix_html, "3.3.3", "380b8fb45912b5638d2f1d925a3771b4516b9a78587249cabe394e0a5d579dc9", [:mix], [{:plug, "~> 1.5", [hex: :plug, repo: "hexpm", optional: true]}], "hexpm", "923ebe6fec6e2e3b3e569dfbdc6560de932cd54b000ada0208b5f45024bdd76c"},
  "phoenix_live_dashboard": {:hex, :phoenix_live_dashboard, "0.6.4", "d7ff34b2c8dd5fa950748496697da01ae1b6b259891ce1103e300bdc7abfbb99", [:mix], [{:ecto, "~> 3.6.2 or ~> 3.7", [hex: :ecto, repo: "hexpm", optional: true]}, {:ecto_mysql_extras, "~> 0.3", [hex: :ecto_mysql_extras, repo: "hexpm", optional: true]}, {:ecto_psql_extras, "~> 0.7", [hex: :ecto_psql_extras, repo: "hexpm", optional: true]}, {:mime, "~> 1.6 or ~> 2.0", [hex: :mime, repo: "hexpm", optional: false]}, {:phoenix_live_view, "~> 0.17.1", [hex: :phoenix_live_view, repo: "hexpm", optional: false]}, {:telemetry_metrics, "~> 0.6.0", [hex: :telemetry_metrics, repo: "hexpm", optional: false]}], "hexpm", "ce2505256ab459663258ecba4158af130e6b7a5b85783fe442541fbb1236e1b2"},
  "phoenix_live_reload": {:hex, :phoenix_live_reload, "1.4.1", "2aff698f5e47369decde4357ba91fc9c37c6487a512b41732818f2204a8ef1d3", [:mix], [{:file_system, "~> 0.2.1 or ~> 0.3", [hex: :file_system, repo: "hexpm", optional: false]}, {:phoenix, "~> 1.4", [hex: :phoenix, repo: "hexpm", optional: false]}], "hexpm", "9bffb834e7ddf08467fe54ae58b5785507aaba6255568ae22b4d46e2bb3615ab"},
  "phoenix_live_view": {:hex, :phoenix_live_view, "0.17.2", "909b8fff47fb2f906bbb70a87790922b7b465f24c69f025cfb9925a95efc9fce", [:mix], [{:jason, "~> 1.0", [hex: :jason, repo: "hexpm", optional: true]}, {:phoenix, "~> 1.5.9 or ~> 1.6.0", [hex: :phoenix, repo: "hexpm", optional: false]}, {:phoenix_html, "~> 3.0", [hex: :phoenix_html, repo: "hexpm", optional: false]}, {:telemetry, "~> 0.4.2 or ~> 1.0", [hex: :telemetry, repo: "hexpm", optional: false]}], "hexpm", "c6cb0ea6fd678e65071efb890113ac6869efbcdb3d9ba8661445323d189ba1f2"},
  "phoenix_pubsub": {:hex, :phoenix_pubsub, "2.1.3", "3168d78ba41835aecad272d5e8cd51aa87a7ac9eb836eabc42f6e57538e3731d", [:mix], [], "hexpm", "bba06bc1dcfd8cb086759f0edc94a8ba2bc8896d5331a1e2c2902bf8e36ee502"},
  "phoenix_template": {:hex, :phoenix_template, "1.0.4", "e2092c132f3b5e5b2d49c96695342eb36d0ed514c5b252a77048d5969330d639", [:mix], [{:phoenix_html, "~> 2.14.2 or ~> 3.0 or ~> 4.0", [hex: :phoenix_html, repo: "hexpm", optional: true]}], "hexpm", "2c0c81f0e5c6753faf5cca2f229c9709919aba34fab866d3bc05060c9c444206"},
  "phoenix_view": {:hex, :phoenix_view, "2.0.3", "4d32c4817fce933693741deeb99ef1392619f942633dde834a5163124813aad3", [:mix], [{:phoenix_html, "~> 2.14.2 or ~> 3.0 or ~> 4.0", [hex: :phoenix_html, repo: "hexpm", optional: true]}, {:phoenix_template, "~> 1.0", [hex: :phoenix_template, repo: "hexpm", optional: false]}], "hexpm", "cd34049af41be2c627df99cd4eaa71fc52a328c0c3d8e7d4aa28f880c30e7f64"},
  "plug": {:hex, :plug, "1.15.3", "712976f504418f6dff0a3e554c40d705a9bcf89a7ccef92fc6a5ef8f16a30a97", [:mix], [{:mime, "~> 1.0 or ~> 2.0", [hex: :mime, repo: "hexpm", optional: false]}, {:plug_crypto, "~> 1.1.1 or ~> 1.2 or ~> 2.0", [hex: :plug_crypto, repo: "hexpm", optional: false]}, {:telemetry, "~> 0.4.3 or ~> 1.0", [hex: :telemetry, repo: "hexpm", optional: false]}], "hexpm", "cc4365a3c010a56af402e0809208873d113e9c38c401cabd88027ef4f5c01fd2"},
  "plug_cowboy": {:hex, :plug_cowboy, "2.7.0", "3ae9369c60641084363b08fe90267cbdd316df57e3557ea522114b30b63256ea", [:mix], [{:cowboy, "~> 2.7.0 or ~> 2.8.0 or ~> 2.9.0 or ~> 2.10.0", [hex: :cowboy, repo: "hexpm", optional: false]}, {:cowboy_telemetry, "~> 0.3", [hex: :cowboy_telemetry, repo: "hexpm", optional: false]}, {:plug, "~> 1.14", [hex: :plug, repo: "hexpm", optional: false]}], "hexpm", "d85444fb8aa1f2fc62eabe83bbe387d81510d773886774ebdcb429b3da3c1a4a"},
  "plug_crypto": {:hex, :plug_crypto, "1.2.5", "918772575e48e81e455818229bf719d4ab4181fcbf7f85b68a35620f78d89ced", [:mix], [], "hexpm", "26549a1d6345e2172eb1c233866756ae44a9609bd33ee6f99147ab3fd87fd842"},
  "ranch": {:hex, :ranch, "1.8.0", "8c7a100a139fd57f17327b6413e4167ac559fbc04ca7448e9be9057311597a1d", [:make, :rebar3], [], "hexpm", "49fbcfd3682fab1f5d109351b61257676da1a2fdbe295904176d5e521a2ddfe5"},
  "retry": {:hex, :retry, "0.16.0", "bda95a342de242088b2a68e4e826fd2a61f080b5fb2b596bec898e26520d262c", [:mix], [], "hexpm", "bebaa63ebf7c9ebc2741fcdbbda62cf49734a8740ce0a80708b669a595e6be8e"},
  "screens_config": {:git, "https://github.com/mbta/screens-config-lib.git", "6599d0df9c5bebbfb762e0ae8ae6af6f6c0359d0", [ref: "6599d0df9c5bebbfb762e0ae8ae6af6f6c0359d0"]},
  "sentry": {:hex, :sentry, "8.0.6", "c8de1bf0523bc120ec37d596c55260901029ecb0994e7075b0973328779ceef7", [:mix], [{:hackney, "~> 1.8", [hex: :hackney, repo: "hexpm", optional: true]}, {:jason, "~> 1.1", [hex: :jason, repo: "hexpm", optional: true]}, {:plug, "~> 1.6", [hex: :plug, repo: "hexpm", optional: true]}, {:plug_cowboy, "~> 2.3", [hex: :plug_cowboy, repo: "hexpm", optional: true]}], "hexpm", "051a2d0472162f3137787c7c9d6e6e4ef239de9329c8c45b1f1bf1e9379e1883"},
  "ssl_verify_fun": {:hex, :ssl_verify_fun, "1.1.7", "354c321cf377240c7b8716899e182ce4890c5938111a1296add3ec74cf1715df", [:make, :mix, :rebar3], [], "hexpm", "fe4c190e8f37401d30167c8c405eda19469f34577987c76dde613e838bbc67f8"},
  "stream_data": {:hex, :stream_data, "0.5.0", "b27641e58941685c75b353577dc602c9d2c12292dd84babf506c2033cd97893e", [:mix], [], "hexpm", "012bd2eec069ada4db3411f9115ccafa38540a3c78c4c0349f151fc761b9e271"},
  "sweet_xml": {:hex, :sweet_xml, "0.7.2", "4729f997286811fabdd8288f8474e0840a76573051062f066c4b597e76f14f9f", [:mix], [], "hexpm", "6894e68a120f454534d99045ea3325f7740ea71260bc315f82e29731d570a6e8"},
  "telemetry": {:hex, :telemetry, "1.2.1", "68fdfe8d8f05a8428483a97d7aab2f268aaff24b49e0f599faa091f1d4e7f61c", [:rebar3], [], "hexpm", "dad9ce9d8effc621708f99eac538ef1cbe05d6a874dd741de2e689c47feafed5"},
  "telemetry_metrics": {:hex, :telemetry_metrics, "0.6.2", "2caabe9344ec17eafe5403304771c3539f3b6e2f7fb6a6f602558c825d0d0bfb", [:mix], [{:telemetry, "~> 0.4 or ~> 1.0", [hex: :telemetry, repo: "hexpm", optional: false]}], "hexpm", "9b43db0dc33863930b9ef9d27137e78974756f5f198cae18409970ed6fa5b561"},
  "telemetry_poller": {:hex, :telemetry_poller, "0.4.0", "da64dea54b77604023e8d15dc61a5df8968f4c9e013eba561bfb2bc614b15432", [:rebar3], [], "hexpm", "f3374de85219675fceedd13386a39768c6f5e4b1a439a502da8c7dc142a43367"},
  "telemetry_registry": {:hex, :telemetry_registry, "0.3.1", "14a3319a7d9027bdbff7ebcacf1a438f5f5c903057b93aee484cca26f05bdcba", [:mix, :rebar3], [{:telemetry, "~> 1.0", [hex: :telemetry, repo: "hexpm", optional: false]}], "hexpm", "6d0ca77b691cf854ed074b459a93b87f4c7f5512f8f7743c635ca83da81f939e"},
  "timex": {:hex, :timex, "3.7.11", "bb95cb4eb1d06e27346325de506bcc6c30f9c6dea40d1ebe390b262fad1862d1", [:mix], [{:combine, "~> 0.10", [hex: :combine, repo: "hexpm", optional: false]}, {:gettext, "~> 0.20", [hex: :gettext, repo: "hexpm", optional: false]}, {:tzdata, "~> 1.1", [hex: :tzdata, repo: "hexpm", optional: false]}], "hexpm", "8b9024f7efbabaf9bd7aa04f65cf8dcd7c9818ca5737677c7b76acbc6a94d1aa"},
  "tzdata": {:hex, :tzdata, "1.1.1", "20c8043476dfda8504952d00adac41c6eda23912278add38edc140ae0c5bcc46", [:mix], [{:hackney, "~> 1.17", [hex: :hackney, repo: "hexpm", optional: false]}], "hexpm", "a69cec8352eafcd2e198dea28a34113b60fdc6cb57eb5ad65c10292a6ba89787"},
  "ueberauth": {:hex, :ueberauth, "0.10.7", "5a31cbe11e7ce5c7484d745dc9e1f11948e89662f8510d03c616de03df581ebd", [:mix], [{:plug, "~> 1.5", [hex: :plug, repo: "hexpm", optional: false]}], "hexpm", "0bccf73e2ffd6337971340832947ba232877aa8122dba4c95be9f729c8987377"},
  "ueberauth_oidcc": {:hex, :ueberauth_oidcc, "0.3.1", "599fe01f97dc97e6620de8c76b7c3b3a9ab4ebf797b4e995432d990b49311958", [:mix], [{:oidcc, "~> 3.1.0", [hex: :oidcc, repo: "hexpm", optional: false]}, {:plug, "~> 1.11", [hex: :plug, repo: "hexpm", optional: false]}, {:ueberauth, "~> 0.10", [hex: :ueberauth, repo: "hexpm", optional: false]}], "hexpm", "f6fab7174cc79825cbbbb018a58bc9d18d3dc9237fa60cb9d985254454ca3943"},
  "unicode_util_compat": {:hex, :unicode_util_compat, "0.7.0", "bc84380c9ab48177092f43ac89e4dfa2c6d62b40b8bd132b1059ecc7232f9a78", [:rebar3], [], "hexpm", "25eee6d67df61960cf6a794239566599b09e17e668d3700247bc498638152521"},
}
